
Microsoft Visual Studio Solution File, Format Version 12.00
# Visual Studio Version 17
VisualStudioVersion = 17.4.33205.214
MinimumVisualStudioVersion = 10.0.40219.1
Project("{8BC9CEB8-8B4A-11D0-8D11-00A0C91BC942}") = "1296", "1296\1296.vcxproj", "{693171CA-CB95-4572-BF33-60E4C71E65CB}"
EndProject
Global
	GlobalSection(SolutionConfigurationPlatforms) = preSolution
		Debug|x64 = Debug|x64
		Debug|x86 = Debug|x86
		Release|x64 = Release|x64
		Release|x86 = Release|x86
	EndGlobalSection
	GlobalSection(ProjectConfigurationPlatforms) = postSolution
		{693171CA-CB95-4572-BF33-60E4C71E65CB}.Debug|x64.ActiveCfg = Debug|x64
		{693171CA-CB95-4572-BF33-60E4C71E65CB}.Debug|x64.Build.0 = Debug|x64
		{693171CA-CB95-4572-BF33-60E4C71E65CB}.Debug|x86.ActiveCfg = Debug|Win32
		{693171CA-CB95-4572-BF33-60E4C71E65CB}.Debug|x86.Build.0 = Debug|Win32
		{693171CA-CB95-4572-BF33-60E4C71E65CB}.Release|x64.ActiveCfg = Release|x64
		{693171CA-CB95-4572-BF33-60E4C71E65CB}.Release|x64.Build.0 = Release|x64
		{693171CA-CB95-4572-BF33-60E4C71E65CB}.Release|x86.ActiveCfg = Release|Win32
		{693171CA-CB95-4572-BF33-60E4C71E65CB}.Release|x86.Build.0 = Release|Win32
	EndGlobalSection
	GlobalSection(SolutionProperties) = preSolution
		HideSolutionNode = FALSE
	EndGlobalSection
	GlobalSection(ExtensibilityGlobals) = postSolution
		SolutionGuid = {F51EE4E1-07D7-45ED-BA22-2B805270CF26}
	EndGlobalSection
EndGlobal
